
Microsoft Visual Studio Solution File, Format Version 12.00
# Visual Studio 15
VisualStudioVersion = 15.0.28307.902
MinimumVisualStudioVersion = 10.0.40219.1
Project("{FAE04EC0-301F-11D3-BF4B-00C04F79EFBC}") = "TestAPI", "TestAPI\TestAPI.csproj", "{55A7D869-5D1E-444B-8375-7050D53C78FC}"
EndProject
Project("{FAE04EC0-301F-11D3-BF4B-00C04F79EFBC}") = "Runner", "Runner\Runner.csproj", "{D2841974-E8A4-4A0D-BDF6-13AE6E1BC8A4}"
EndProject
Project("{FAE04EC0-301F-11D3-BF4B-00C04F79EFBC}") = "Entities", "Entities\Entities.csproj", "{118533F0-6CE7-45D2-9B22-47FF8C45BBFB}"
EndProject
Global
	GlobalSection(SolutionConfigurationPlatforms) = preSolution
		Debug|Any CPU = Debug|Any CPU
		Release|Any CPU = Release|Any CPU
	EndGlobalSection
	GlobalSection(ProjectConfigurationPlatforms) = postSolution
		{55A7D869-5D1E-444B-8375-7050D53C78FC}.Debug|Any CPU.ActiveCfg = Debug|Any CPU
		{55A7D869-5D1E-444B-8375-7050D53C78FC}.Debug|Any CPU.Build.0 = Debug|Any CPU
		{55A7D869-5D1E-444B-8375-7050D53C78FC}.Release|Any CPU.ActiveCfg = Release|Any CPU
		{55A7D869-5D1E-444B-8375-7050D53C78FC}.Release|Any CPU.Build.0 = Release|Any CPU
		{D2841974-E8A4-4A0D-BDF6-13AE6E1BC8A4}.Debug|Any CPU.ActiveCfg = Debug|Any CPU
		{D2841974-E8A4-4A0D-BDF6-13AE6E1BC8A4}.Debug|Any CPU.Build.0 = Debug|Any CPU
		{D2841974-E8A4-4A0D-BDF6-13AE6E1BC8A4}.Release|Any CPU.ActiveCfg = Release|Any CPU
		{D2841974-E8A4-4A0D-BDF6-13AE6E1BC8A4}.Release|Any CPU.Build.0 = Release|Any CPU
		{118533F0-6CE7-45D2-9B22-47FF8C45BBFB}.Debug|Any CPU.ActiveCfg = Debug|Any CPU
		{118533F0-6CE7-45D2-9B22-47FF8C45BBFB}.Debug|Any CPU.Build.0 = Debug|Any CPU
		{118533F0-6CE7-45D2-9B22-47FF8C45BBFB}.Release|Any CPU.ActiveCfg = Release|Any CPU
		{118533F0-6CE7-45D2-9B22-47FF8C45BBFB}.Release|Any CPU.Build.0 = Release|Any CPU
	EndGlobalSection
	GlobalSection(SolutionProperties) = preSolution
		HideSolutionNode = FALSE
	EndGlobalSection
	GlobalSection(ExtensibilityGlobals) = postSolution
		SolutionGuid = {ED6D12EC-9C7B-46EA-BD64-0FE30DDC7FC6}
	EndGlobalSection
EndGlobal
